Microsoft Visual Studio Solution File, Format Version 12.00
# Visual Studio Version 17
VisualStudioVersion = 17.5.2.0
MinimumVisualStudioVersion = 10.0.40219.1
Project("{FAE04EC0-301F-11D3-BF4B-00C04F79EFBC}") = "hometask2", "hometask2.csproj", "{8EE954FA-193A-46EE-414C-CA4165243BB9}"
EndProject
Global
	GlobalSection(SolutionConfigurationPlatforms) = preSolution
		Debug|Any CPU = Debug|Any CPU
		Release|Any CPU = Release|Any CPU
	EndGlobalSection
	GlobalSection(ProjectConfigurationPlatforms) = postSolution
		{8EE954FA-193A-46EE-414C-CA4165243BB9}.Debug|Any CPU.ActiveCfg = Debug|Any CPU
		{8EE954FA-193A-46EE-414C-CA4165243BB9}.Debug|Any CPU.Build.0 = Debug|Any CPU
		{8EE954FA-193A-46EE-414C-CA4165243BB9}.Release|Any CPU.ActiveCfg = Release|Any CPU
		{8EE954FA-193A-46EE-414C-CA4165243BB9}.Release|Any CPU.Build.0 = Release|Any CPU
	EndGlobalSection
	GlobalSection(SolutionProperties) = preSolution
		HideSolutionNode = FALSE
	EndGlobalSection
	GlobalSection(ExtensibilityGlobals) = postSolution
		SolutionGuid = {006A6187-EBEB-457C-9427-343FEB239EBB}
	EndGlobalSection
EndGlobal
